
Microsoft Visual Studio Solution File, Format Version 12.00
# Visual Studio Version 16
VisualStudioVersion = 16.0.29123.88
MinimumVisualStudioVersion = 10.0.40219.1
Project("{159641D6-6404-4A2A-AE62-294DE0FE8301}") = "integration", "integration\integration.dtproj", "{D9618C09-222A-4795-9F61-B0093421E407}"
EndProject
Global
	GlobalSection(SolutionConfigurationPlatforms) = preSolution
		Development|Default = Development|Default
	EndGlobalSection
	GlobalSection(ProjectConfigurationPlatforms) = postSolution
		{D9618C09-222A-4795-9F61-B0093421E407}.Development|Default.ActiveCfg = Development
		{D9618C09-222A-4795-9F61-B0093421E407}.Development|Default.Build.0 = Development
	EndGlobalSection
	GlobalSection(SolutionProperties) = preSolution
		HideSolutionNode = FALSE
	EndGlobalSection
	GlobalSection(ExtensibilityGlobals) = postSolution
		SolutionGuid = {A4923A5E-9BD6-4B04-A4F1-022124937A14}
	EndGlobalSection
EndGlobal
